
Microsoft Visual Studio Solution File, Format Version 12.00
# Visual Studio 2015
Project("{FAE04EC0-301F-11D3-BF4B-00C04F79EFBC}") = "oculus3.CSharp", "oculus3.CSharp.csproj", "{91A82490-7271-FBB0-7F79-4B06EEBB5E19}"
EndProject
Global
	GlobalSection(SolutionConfigurationPlatforms) = preSolution
		Debug|Any CPU = Debug|Any CPU
		Release|Any CPU = Release|Any CPU
	EndGlobalSection
	GlobalSection(ProjectConfigurationPlatforms) = postSolution
		{91A82490-7271-FBB0-7F79-4B06EEBB5E19}.Debug|Any CPU.ActiveCfg = Debug|Any CPU
		{91A82490-7271-FBB0-7F79-4B06EEBB5E19}.Debug|Any CPU.Build.0 = Debug|Any CPU
		{91A82490-7271-FBB0-7F79-4B06EEBB5E19}.Release|Any CPU.ActiveCfg = Release|Any CPU
		{91A82490-7271-FBB0-7F79-4B06EEBB5E19}.Release|Any CPU.Build.0 = Release|Any CPU
	EndGlobalSection
	GlobalSection(SolutionProperties) = preSolution
		HideSolutionNode = FALSE
	EndGlobalSection
EndGlobal
